
Microsoft Visual Studio Solution File, Format Version 12.00
# Visual Studio Version 17
VisualStudioVersion = 17.9.34714.143
MinimumVisualStudioVersion = 10.0.40219.1
Project("{8BC9CEB8-8B4A-11D0-8D11-00A0C91BC942}") = "EncryptionBotCTF", "EncryptionBotCTF\EncryptionBotCTF.vcxproj", "{40AC9A67-8811-4B19-B064-231F6E91F9DA}"
EndProject
Global
	GlobalSection(SolutionConfigurationPlatforms) = preSolution
		Debug|x64 = Debug|x64
		Debug|x86 = Debug|x86
		Release|x64 = Release|x64
		Release|x86 = Release|x86
	EndGlobalSection
	GlobalSection(ProjectConfigurationPlatforms) = postSolution
		{40AC9A67-8811-4B19-B064-231F6E91F9DA}.Debug|x64.ActiveCfg = Debug|x64
		{40AC9A67-8811-4B19-B064-231F6E91F9DA}.Debug|x64.Build.0 = Debug|x64
		{40AC9A67-8811-4B19-B064-231F6E91F9DA}.Debug|x86.ActiveCfg = Debug|Win32
		{40AC9A67-8811-4B19-B064-231F6E91F9DA}.Debug|x86.Build.0 = Debug|Win32
		{40AC9A67-8811-4B19-B064-231F6E91F9DA}.Release|x64.ActiveCfg = Release|x64
		{40AC9A67-8811-4B19-B064-231F6E91F9DA}.Release|x64.Build.0 = Release|x64
		{40AC9A67-8811-4B19-B064-231F6E91F9DA}.Release|x86.ActiveCfg = Release|Win32
		{40AC9A67-8811-4B19-B064-231F6E91F9DA}.Release|x86.Build.0 = Release|Win32
	EndGlobalSection
	GlobalSection(SolutionProperties) = preSolution
		HideSolutionNode = FALSE
	EndGlobalSection
	GlobalSection(ExtensibilityGlobals) = postSolution
		SolutionGuid = {D03D5E9C-A9EE-4B99-ACCF-91DF64C27225}
	EndGlobalSection
EndGlobal
